
Microsoft Visual Studio Solution File, Format Version 12.00
# Visual Studio 14
VisualStudioVersion = 14.0.25420.1
MinimumVisualStudioVersion = 10.0.40219.1
Project("{8BB2217D-0F2D-49D1-97BC-3654ED321F3B}") = "Es.Extensions.Logging.NLog", "Es.Extensions.Logging.NLog\Es.Extensions.Logging.NLog.xproj", "{324FA59F-B7AA-411E-9178-A534C6604AC7}"
EndProject
Project("{8BB2217D-0F2D-49D1-97BC-3654ED321F3B}") = "Sample", "Sample\Sample.xproj", "{4E22FB1F-DA42-4221-8CD4-4E05C2527DD7}"
EndProject
Global
	GlobalSection(SolutionConfigurationPlatforms) = preSolution
		Debug|Any CPU = Debug|Any CPU
		Release|Any CPU = Release|Any CPU
	EndGlobalSection
	GlobalSection(ProjectConfigurationPlatforms) = postSolution
		{324FA59F-B7AA-411E-9178-A534C6604AC7}.Debug|Any CPU.ActiveCfg = Debug|Any CPU
		{324FA59F-B7AA-411E-9178-A534C6604AC7}.Debug|Any CPU.Build.0 = Debug|Any CPU
		{324FA59F-B7AA-411E-9178-A534C6604AC7}.Release|Any CPU.ActiveCfg = Release|Any CPU
		{324FA59F-B7AA-411E-9178-A534C6604AC7}.Release|Any CPU.Build.0 = Release|Any CPU
		{4E22FB1F-DA42-4221-8CD4-4E05C2527DD7}.Debug|Any CPU.ActiveCfg = Debug|Any CPU
		{4E22FB1F-DA42-4221-8CD4-4E05C2527DD7}.Debug|Any CPU.Build.0 = Debug|Any CPU
		{4E22FB1F-DA42-4221-8CD4-4E05C2527DD7}.Release|Any CPU.ActiveCfg = Release|Any CPU
		{4E22FB1F-DA42-4221-8CD4-4E05C2527DD7}.Release|Any CPU.Build.0 = Release|Any CPU
	EndGlobalSection
	GlobalSection(SolutionProperties) = preSolution
		HideSolutionNode = FALSE
	EndGlobalSection
EndGlobal
