
Microsoft Visual Studio Solution File, Format Version 12.00
# Visual Studio 15
VisualStudioVersion = 15.0.26228.9
MinimumVisualStudioVersion = 10.0.40219.1
Project("{9A19103F-16F7-4668-BE54-9A1E7A4F7556}") = "Es.Extensions.Logging.NLog", "Es.Extensions.Logging.NLog\Es.Extensions.Logging.NLog.csproj", "{324FA59F-B7AA-411E-9178-A534C6604AC7}"
EndProject
Project("{9A19103F-16F7-4668-BE54-9A1E7A4F7556}") = "Sample", "Sample\Sample.csproj", "{4E22FB1F-DA42-4221-8CD4-4E05C2527DD7}"
EndProject
Global
	GlobalSection(SolutionConfigurationPlatforms) = preSolution
		Debug|Any CPU = Debug|Any CPU
		Release|Any CPU = Release|Any CPU
	EndGlobalSection
	GlobalSection(ProjectConfigurationPlatforms) = postSolution
		{324FA59F-B7AA-411E-9178-A534C6604AC7}.Debug|Any CPU.ActiveCfg = Debug|Any CPU
		{324FA59F-B7AA-411E-9178-A534C6604AC7}.Debug|Any CPU.Build.0 = Debug|Any CPU
		{324FA59F-B7AA-411E-9178-A534C6604AC7}.Release|Any CPU.ActiveCfg = Release|Any CPU
		{324FA59F-B7AA-411E-9178-A534C6604AC7}.Release|Any CPU.Build.0 = Release|Any CPU
		{4E22FB1F-DA42-4221-8CD4-4E05C2527DD7}.Debug|Any CPU.ActiveCfg = Debug|Any CPU
		{4E22FB1F-DA42-4221-8CD4-4E05C2527DD7}.Debug|Any CPU.Build.0 = Debug|Any CPU
		{4E22FB1F-DA42-4221-8CD4-4E05C2527DD7}.Release|Any CPU.ActiveCfg = Release|Any CPU
		{4E22FB1F-DA42-4221-8CD4-4E05C2527DD7}.Release|Any CPU.Build.0 = Release|Any CPU
	EndGlobalSection
	GlobalSection(SolutionProperties) = preSolution
		HideSolutionNode = FALSE
	EndGlobalSection
EndGlobal
